
Microsoft Visual Studio Solution File, Format Version 12.00
# Visual Studio 2012
Project("{FAE04EC0-301F-11D3-BF4B-00C04F79EFBC}") = "PathButton", "PathButton\PathButton.csproj", "{7ADC7AEB-E543-4BA5-99F4-C11B45927CB5}"
EndProject
Project("{FAE04EC0-301F-11D3-BF4B-00C04F79EFBC}") = "PathbuttonLib", "PathbuttonLib\PathbuttonLib.csproj", "{296A5614-CF92-4338-8AFB-D1C74957CFEA}"
EndProject
Global
	GlobalSection(SolutionConfigurationPlatforms) = preSolution
		Debug|Any CPU = Debug|Any CPU
		Release|Any CPU = Release|Any CPU
	EndGlobalSection
	GlobalSection(ProjectConfigurationPlatforms) = postSolution
		{7ADC7AEB-E543-4BA5-99F4-C11B45927CB5}.Debug|Any CPU.ActiveCfg = Debug|Any CPU
		{7ADC7AEB-E543-4BA5-99F4-C11B45927CB5}.Debug|Any CPU.Build.0 = Debug|Any CPU
		{7ADC7AEB-E543-4BA5-99F4-C11B45927CB5}.Debug|Any CPU.Deploy.0 = Debug|Any CPU
		{7ADC7AEB-E543-4BA5-99F4-C11B45927CB5}.Release|Any CPU.ActiveCfg = Release|Any CPU
		{7ADC7AEB-E543-4BA5-99F4-C11B45927CB5}.Release|Any CPU.Build.0 = Release|Any CPU
		{7ADC7AEB-E543-4BA5-99F4-C11B45927CB5}.Release|Any CPU.Deploy.0 = Release|Any CPU
		{296A5614-CF92-4338-8AFB-D1C74957CFEA}.Debug|Any CPU.ActiveCfg = Debug|Any CPU
		{296A5614-CF92-4338-8AFB-D1C74957CFEA}.Debug|Any CPU.Build.0 = Debug|Any CPU
		{296A5614-CF92-4338-8AFB-D1C74957CFEA}.Release|Any CPU.ActiveCfg = Release|Any CPU
		{296A5614-CF92-4338-8AFB-D1C74957CFEA}.Release|Any CPU.Build.0 = Release|Any CPU
	EndGlobalSection
	GlobalSection(SolutionProperties) = preSolution
		HideSolutionNode = FALSE
	EndGlobalSection
EndGlobal
